
Microsoft Visual Studio Solution File, Format Version 12.00
# Visual Studio Version 17
VisualStudioVersion = 17.5.33530.505
MinimumVisualStudioVersion = 10.0.40219.1
Project("{FAE04EC0-301F-11D3-BF4B-00C04F79EFBC}") = "DotNetEfToy", "DotNetEfToy.csproj", "{FEF30D68-17E9-448D-8E08-FA130E0911C6}"
EndProject
Project("{FAE04EC0-301F-11D3-BF4B-00C04F79EFBC}") = "DotNetEfToy.Test", "Test\DotNetEfToy.Test.csproj", "{26E0D1CB-1263-4ADA-A626-222564A3873A}"
EndProject
Global
	GlobalSection(SolutionConfigurationPlatforms) = preSolution
		Debug|Any CPU = Debug|Any CPU
		Release|Any CPU = Release|Any CPU
	EndGlobalSection
	GlobalSection(ProjectConfigurationPlatforms) = postSolution
		{FEF30D68-17E9-448D-8E08-FA130E0911C6}.Debug|Any CPU.ActiveCfg = Debug|Any CPU
		{FEF30D68-17E9-448D-8E08-FA130E0911C6}.Debug|Any CPU.Build.0 = Debug|Any CPU
		{FEF30D68-17E9-448D-8E08-FA130E0911C6}.Release|Any CPU.ActiveCfg = Release|Any CPU
		{FEF30D68-17E9-448D-8E08-FA130E0911C6}.Release|Any CPU.Build.0 = Release|Any CPU
		{26E0D1CB-1263-4ADA-A626-222564A3873A}.Debug|Any CPU.ActiveCfg = Debug|Any CPU
		{26E0D1CB-1263-4ADA-A626-222564A3873A}.Debug|Any CPU.Build.0 = Debug|Any CPU
		{26E0D1CB-1263-4ADA-A626-222564A3873A}.Release|Any CPU.ActiveCfg = Release|Any CPU
		{26E0D1CB-1263-4ADA-A626-222564A3873A}.Release|Any CPU.Build.0 = Release|Any CPU
	EndGlobalSection
	GlobalSection(SolutionProperties) = preSolution
		HideSolutionNode = FALSE
	EndGlobalSection
	GlobalSection(ExtensibilityGlobals) = postSolution
		SolutionGuid = {B976CF26-EDA1-4AB2-BECE-2DB228ACFC9B}
	EndGlobalSection
EndGlobal
